// !$*UTF8*$!
{
	archiveVersion = 1;
	classes = {
	};
	objectVersion = 46;
	objects = {

/* Begin PBXBuildFile section */
		47024F891E3601EB0020F7CA /* EnteryViewController.swift in Sources */ = {isa = PBXBuildFile; fileRef = 47024F881E3601EB0020F7CA /* EnteryViewController.swift */; };
		47161D4A1E368BD400A37E61 /* Films.swift in Sources */ = {isa = PBXBuildFile; fileRef = 47161D491E368BD400A37E61 /* Films.swift */; };
		473F91C11E3E7B570064FF5A /* test.swift in Sources */ = {isa = PBXBuildFile; fileRef = 473F91C01E3E7B570064FF5A /* test.swift */; };
		47485FC61E4232EF0065BC11 /* GoogleService-Info.plist in Resources */ = {isa = PBXBuildFile; fileRef = 47485FC51E4232EF0065BC11 /* GoogleService-Info.plist */; };
		47485FC91E4235890065BC11 /* Movie.swift in Sources */ = {isa = PBXBuildFile; fileRef = 47485FC81E4235890065BC11 /* Movie.swift */; };
		47E148AB1E325130008D52D7 /* AppDelegate.swift in Sources */ = {isa = PBXBuildFile; fileRef = 47E148AA1E325130008D52D7 /* AppDelegate.swift */; };
		47E148AD1E325130008D52D7 /* ViewController.swift in Sources */ = {isa = PBXBuildFile; fileRef = 47E148AC1E325130008D52D7 /* ViewController.swift */; };
		47E148B01E325130008D52D7 /* Main.storyboard in Resources */ = {isa = PBXBuildFile; fileRef = 47E148AE1E325130008D52D7 /* Main.storyboard */; };
		47E148B21E325130008D52D7 /* Assets.xcassets in Resources */ = {isa = PBXBuildFile; fileRef = 47E148B11E325130008D52D7 /* Assets.xcassets */; };
		47E148B51E325131008D52D7 /* LaunchScreen.storyboard in Resources */ = {isa = PBXBuildFile; fileRef = 47E148B31E325131008D52D7 /* LaunchScreen.storyboard */; };
		6C84AFC64F5BB4B9F1819191 /* Pods_PhoneBook.framework in Frameworks */ = {isa = PBXBuildFile; fileRef = 11E6A1AF18122A6DD487946F /* Pods_PhoneBook.framework */; };
/* End PBXBuildFile section */

/* Begin PBXFileReference section */
		006750AB082EC9E2DAA50E76 /* Pods-PhoneBook.debug.xcconfig */ = {isa = PBXFileReference; includeInIndex = 1; lastKnownFileType = text.xcconfig; name = "Pods-PhoneBook.debug.xcconfig"; path = "Pods/Target Support Files/Pods-PhoneBook/Pods-PhoneBook.debug.xcconfig"; sourceTree = "<group>"; };
		11E6A1AF18122A6DD487946F /* Pods_PhoneBook.framework */ = {isa = PBXFileReference; explicitFileType = wrapper.framework; includeInIndex = 0; path = Pods_PhoneBook.framework; sourceTree = BUILT_PRODUCTS_DIR; };
		47024F881E3601EB0020F7CA /* EnteryViewController.swift */ = {isa = PBXFileReference; fileEncoding = 4; lastKnownFileType = sourcecode.swift; path = EnteryViewController.swift; sourceTree = "<group>"; };
		47161D491E368BD400A37E61 /* Films.swift */ = {isa = PBXFileReference; fileEncoding = 4; lastKnownFileType = sourcecode.swift; path = Films.swift; sourceTree = "<group>"; };
		473F91C01E3E7B570064FF5A /* test.swift */ = {isa = PBXFileReference; fileEncoding = 4; lastKnownFileType = sourcecode.swift; path = test.swift; sourceTree = "<group>"; };
		47485FC51E4232EF0065BC11 /* GoogleService-Info.plist */ = {isa = PBXFileReference; fileEncoding = 4; lastKnownFileType = text.plist.xml; path = "GoogleService-Info.plist"; sourceTree = "<group>"; };
		47485FC81E4235890065BC11 /* Movie.swift */ = {isa = PBXFileReference; fileEncoding = 4; lastKnownFileType = sourcecode.swift; path = Movie.swift; sourceTree = "<group>"; };
		47E148A71E325130008D52D7 /* PhoneBook.app */ = {isa = PBXFileReference; explicitFileType = wrapper.application; includeInIndex = 0; path = PhoneBook.app; sourceTree = BUILT_PRODUCTS_DIR; };
		47E148AA1E325130008D52D7 /* AppDelegate.swift */ = {isa = PBXFileReference; lastKnownFileType = sourcecode.swift; path = AppDelegate.swift; sourceTree = "<group>"; };
		47E148AC1E325130008D52D7 /* ViewController.swift */ = {isa = PBXFileReference; lastKnownFileType = sourcecode.swift; path = ViewController.swift; sourceTree = "<group>"; };
		47E148AF1E325130008D52D7 /* Base */ = {isa = PBXFileReference; lastKnownFileType = file.storyboard; name = Base; path = Base.lproj/Main.storyboard; sourceTree = "<group>"; };
		47E148B11E325130008D52D7 /* Assets.xcassets */ = {isa = PBXFileReference; lastKnownFileType = folder.assetcatalog; path = Assets.xcassets; sourceTree = "<group>"; };
		47E148B41E325131008D52D7 /* Base */ = {isa = PBXFileReference; lastKnownFileType = file.storyboard; name = Base; path = Base.lproj/LaunchScreen.storyboard; sourceTree = "<group>"; };
		47E148B61E325131008D52D7 /* Info.plist */ = {isa = PBXFileReference; lastKnownFileType = text.plist.xml; path = Info.plist; sourceTree = "<group>"; };
		83573670F2E7487A42C69BC4 /* Pods-PhoneBook.release.xcconfig */ = {isa = PBXFileReference; includeInIndex = 1; lastKnownFileType = text.xcconfig; name = "Pods-PhoneBook.release.xcconfig"; path = "Pods/Target Support Files/Pods-PhoneBook/Pods-PhoneBook.release.xcconfig"; sourceTree = "<group>"; };
/* End PBXFileReference section */

/* Begin PBXFrameworksBuildPhase section */
		47E148A41E325130008D52D7 /* Frameworks */ = {
			isa = PBXFrameworksBuildPhase;
			buildActionMask = 2147483647;
			files = (
				6C84AFC64F5BB4B9F1819191 /* Pods_PhoneBook.framework in Frameworks */,
			);
			runOnlyForDeploymentPostprocessing = 0;
		};
/* End PBXFrameworksBuildPhase section */

/* Begin PBXGroup section */
		47024F8B1E360B9D0020F7CA /* RealmModel */ = {
			isa = PBXGroup;
			children = (
				47161D491E368BD400A37E61 /* Films.swift */,
				47485FC81E4235890065BC11 /* Movie.swift */,
			);
			name = RealmModel;
			sourceTree = "<group>";
		};
		47E1489E1E325130008D52D7 = {
			isa = PBXGroup;
			children = (
				47E148A91E325130008D52D7 /* PhoneBook */,
				47E148A81E325130008D52D7 /* Products */,
				7732AFEE2136876923E6AF97 /* Pods */,
				E7BF3BDE5CAD47A118413719 /* Frameworks */,
			);
			sourceTree = "<group>";
		};
		47E148A81E325130008D52D7 /* Products */ = {
			isa = PBXGroup;
			children = (
				47E148A71E325130008D52D7 /* PhoneBook.app */,
			);
			name = Products;
			sourceTree = "<group>";
		};
		47E148A91E325130008D52D7 /* PhoneBook */ = {
			isa = PBXGroup;
			children = (
				47024F8B1E360B9D0020F7CA /* RealmModel */,
				47E148AA1E325130008D52D7 /* AppDelegate.swift */,
				47E148AC1E325130008D52D7 /* ViewController.swift */,
				47E148AE1E325130008D52D7 /* Main.storyboard */,
				47E148B11E325130008D52D7 /* Assets.xcassets */,
				47E148B31E325131008D52D7 /* LaunchScreen.storyboard */,
				47E148B61E325131008D52D7 /* Info.plist */,
				47485FC51E4232EF0065BC11 /* GoogleService-Info.plist */,
				47024F881E3601EB0020F7CA /* EnteryViewController.swift */,
				473F91C01E3E7B570064FF5A /* test.swift */,
			);
			path = PhoneBook;
			sourceTree = "<group>";
		};
		7732AFEE2136876923E6AF97 /* Pods */ = {
			isa = PBXGroup;
			children = (
				006750AB082EC9E2DAA50E76 /* Pods-PhoneBook.debug.xcconfig */,
				83573670F2E7487A42C69BC4 /* Pods-PhoneBook.release.xcconfig */,
			);
			name = Pods;
			sourceTree = "<group>";
		};
		E7BF3BDE5CAD47A118413719 /* Frameworks */ = {
			isa = PBXGroup;
			children = (
				11E6A1AF18122A6DD487946F /* Pods_PhoneBook.framework */,
			);
			name = Frameworks;
			sourceTree = "<group>";
		};
/* End PBXGroup section */

/* Begin PBXNativeTarget section */
		47E148A61E325130008D52D7 /* PhoneBook */ = {
			isa = PBXNativeTarget;
			buildConfigurationList = 47E148B91E325131008D52D7 /* Build configuration list for PBXNativeTarget "PhoneBook" */;
			buildPhases = (
				DB6B0937475F33BDD23B06D5 /* [CP] Check Pods Manifest.lock */,
				47E148A31E325130008D52D7 /* Sources */,
				47E148A41E325130008D52D7 /* Frameworks */,
				47E148A51E325130008D52D7 /* Resources */,
				6F4790777364DBC212941832 /* [CP] Embed Pods Frameworks */,
				F66B1820E3588F488413FC04 /* [CP] Copy Pods Resources */,
			);
			buildRules = (
			);
			dependencies = (
			);
			name = PhoneBook;
			productName = PhoneBook;
			productReference = 47E148A71E325130008D52D7 /* PhoneBook.app */;
			productType = "com.apple.product-type.application";
		};
/* End PBXNativeTarget section */

/* Begin PBXProject section */
		47E1489F1E325130008D52D7 /* Project object */ = {
			isa = PBXProject;
			attributes = {
				LastSwiftUpdateCheck = 0810;
				LastUpgradeCheck = 0810;
				ORGANIZATIONNAME = PoncikApps;
				TargetAttributes = {
					47E148A61E325130008D52D7 = {
						CreatedOnToolsVersion = 8.1;
						DevelopmentTeam = QZHSMV869F;
						ProvisioningStyle = Automatic;
					};
				};
			};
			buildConfigurationList = 47E148A21E325130008D52D7 /* Build configuration list for PBXProject "PhoneBook" */;
			compatibilityVersion = "Xcode 3.2";
			developmentRegion = English;
			hasScannedForEncodings = 0;
			knownRegions = (
				en,
				Base,
			);
			mainGroup = 47E1489E1E325130008D52D7;
			productRefGroup = 47E148A81E325130008D52D7 /* Products */;
			projectDirPath = "";
			projectRoot = "";
			targets = (
				47E148A61E325130008D52D7 /* PhoneBook */,
			);
		};
/* End PBXProject section */

/* Begin PBXResourcesBuildPhase section */
		47E148A51E325130008D52D7 /* Resources */ = {
			isa = PBXResourcesBuildPhase;
			buildActionMask = 2147483647;
			files = (
				47E148B51E325131008D52D7 /* LaunchScreen.storyboard in Resources */,
				47485FC61E4232EF0065BC11 /* GoogleService-Info.plist in Resources */,
				47E148B21E325130008D52D7 /* Assets.xcassets in Resources */,
				47E148B01E325130008D52D7 /* Main.storyboard in Resources */,
			);
			runOnlyForDeploymentPostprocessing = 0;
		};
/* End PBXResourcesBuildPhase section */

/* Begin PBXShellScriptBuildPhase section */
		6F4790777364DBC212941832 /* [CP] Embed Pods Frameworks */ = {
			isa = PBXShellScriptBuildPhase;
			buildActionMask = 2147483647;
			files = (
			);
			inputPaths = (
			);
			name = "[CP] Embed Pods Frameworks";
			outputPaths = (
			);
			runOnlyForDeploymentPostprocessing = 0;
			shellPath = /bin/sh;
			shellScript = "\"${SRCROOT}/Pods/Target Support Files/Pods-PhoneBook/Pods-PhoneBook-frameworks.sh\"\n";
			showEnvVarsInLog = 0;
		};
		DB6B0937475F33BDD23B06D5 /* [CP] Check Pods Manifest.lock */ = {
			isa = PBXShellScriptBuildPhase;
			buildActionMask = 2147483647;
			files = (
			);
			inputPaths = (
			);
			name = "[CP] Check Pods Manifest.lock";
			outputPaths = (
			);
			runOnlyForDeploymentPostprocessing = 0;
			shellPath = /bin/sh;
			shellScript = "diff \"${PODS_ROOT}/../Podfile.lock\" \"${PODS_ROOT}/Manifest.lock\" > /dev/null\nif [ $? != 0 ] ; then\n    # print error to STDERR\n    echo \"error: The sandbox is not in sync with the Podfile.lock. Run 'pod install' or update your CocoaPods installation.\" >&2\n    exit 1\nfi\n";
			showEnvVarsInLog = 0;
		};
		F66B1820E3588F488413FC04 /* [CP] Copy Pods Resources */ = {
			isa = PBXShellScriptBuildPhase;
			buildActionMask = 2147483647;
			files = (
			);
			inputPaths = (
			);
			name = "[CP] Copy Pods Resources";
			outputPaths = (
			);
			runOnlyForDeploymentPostprocessing = 0;
			shellPath = /bin/sh;
			shellScript = "\"${SRCROOT}/Pods/Target Support Files/Pods-PhoneBook/Pods-PhoneBook-resources.sh\"\n";
			showEnvVarsInLog = 0;
		};
/* End PBXShellScriptBuildPhase section */

/* Begin PBXSourcesBuildPhase section */
		47E148A31E325130008D52D7 /* Sources */ = {
			isa = PBXSourcesBuildPhase;
			buildActionMask = 2147483647;
			files = (
				47161D4A1E368BD400A37E61 /* Films.swift in Sources */,
				47E148AD1E325130008D52D7 /* ViewController.swift in Sources */,
				47485FC91E4235890065BC11 /* Movie.swift in Sources */,
				47E148AB1E325130008D52D7 /* AppDelegate.swift in Sources */,
				473F91C11E3E7B570064FF5A /* test.swift in Sources */,
				47024F891E3601EB0020F7CA /* EnteryViewController.swift in Sources */,
			);
			runOnlyForDeploymentPostprocessing = 0;
		};
/* End PBXSourcesBuildPhase section */

/* Begin PBXVariantGroup section */
		47E148AE1E325130008D52D7 /* Main.storyboard */ = {
			isa = PBXVariantGroup;
			children = (
				47E148AF1E325130008D52D7 /* Base */,
			);
			name = Main.storyboard;
			sourceTree = "<group>";
		};
		47E148B31E325131008D52D7 /* LaunchScreen.storyboard */ = {
			isa = PBXVariantGroup;
			children = (
				47E148B41E325131008D52D7 /* Base */,
			);
			name = LaunchScreen.storyboard;
			sourceTree = "<group>";
		};
/* End PBXVariantGroup section */

/* Begin XCBuildConfiguration section */
		47E148B71E325131008D52D7 /* Debug */ = {
			isa = XCBuildConfiguration;
			buildSettings = {
				ALWAYS_SEARCH_USER_PATHS = NO;
				CLANG_ANALYZER_NONNULL = YES;
				CLANG_CXX_LANGUAGE_STANDARD = "gnu++0x";
				CLANG_CXX_LIBRARY = "libc++";
				CLANG_ENABLE_MODULES = YES;
				CLANG_ENABLE_OBJC_ARC = YES;
				CLANG_WARN_BOOL_CONVERSION = YES;
				CLANG_WARN_CONSTANT_CONVERSION = YES;
				CLANG_WARN_DIRECT_OBJC_ISA_USAGE = YES_ERROR;
				CLANG_WARN_DOCUMENTATION_COMMENTS = YES;
				CLANG_WARN_EMPTY_BODY = YES;
				CLANG_WARN_ENUM_CONVERSION = YES;
				CLANG_WARN_INFINITE_RECURSION = YES;
				CLANG_WARN_INT_CONVERSION = YES;
				CLANG_WARN_OBJC_ROOT_CLASS = YES_ERROR;
				CLANG_WARN_SUSPICIOUS_MOVE = YES;
				CLANG_WARN_SUSPICIOUS_MOVES = YES;
				CLANG_WARN_UNREACHABLE_CODE = YES;
				CLANG_WARN__DUPLICATE_METHOD_MATCH = YES;
				"CODE_SIGN_IDENTITY[sdk=iphoneos*]" = "iPhone Developer";
				COPY_PHASE_STRIP = NO;
				DEBUG_INFORMATION_FORMAT = dwarf;
				ENABLE_STRICT_OBJC_MSGSEND = YES;
				ENABLE_TESTABILITY = YES;
				GCC_C_LANGUAGE_STANDARD = gnu99;
				GCC_DYNAMIC_NO_PIC = NO;
				GCC_NO_COMMON_BLOCKS = YES;
				GCC_OPTIMIZATION_LEVEL = 0;
				GCC_PREPROCESSOR_DEFINITIONS = (
					"DEBUG=1",
					"$(inherited)",
				);
				GCC_WARN_64_TO_32_BIT_CONVERSION = YES;
				GCC_WARN_ABOUT_RETURN_TYPE = YES_ERROR;
				GCC_WARN_UNDECLARED_SELECTOR = YES;
				GCC_WARN_UNINITIALIZED_AUTOS = YES_AGGRESSIVE;
				GCC_WARN_UNUSED_FUNCTION = YES;
				GCC_WARN_UNUSED_VARIABLE = YES;
				IPHONEOS_DEPLOYMENT_TARGET = 10.1;
				MTL_ENABLE_DEBUG_INFO = YES;
				ONLY_ACTIVE_ARCH = YES;
				SDKROOT = iphoneos;
				SWIFT_ACTIVE_COMPILATION_CONDITIONS = DEBUG;
				SWIFT_OPTIMIZATION_LEVEL = "-Onone";
			};
			name = Debug;
		};
		47E148B81E325131008D52D7 /* Release */ = {
			isa = XCBuildConfiguration;
			buildSettings = {
				ALWAYS_SEARCH_USER_PATHS = NO;
				CLANG_ANALYZER_NONNULL = YES;
				CLANG_CXX_LANGUAGE_STANDARD = "gnu++0x";
				CLANG_CXX_LIBRARY = "libc++";
				CLANG_ENABLE_MODULES = YES;
				CLANG_ENABLE_OBJC_ARC = YES;
				CLANG_WARN_BOOL_CONVERSION = YES;
				CLANG_WARN_CONSTANT_CONVERSION = YES;
				CLANG_WARN_DIRECT_OBJC_ISA_USAGE = YES_ERROR;
				CLANG_WARN_DOCUMENTATION_COMMENTS = YES;
				CLANG_WARN_EMPTY_BODY = YES;
				CLANG_WARN_ENUM_CONVERSION = YES;
				CLANG_WARN_INFINITE_RECURSION = YES;
				CLANG_WARN_INT_CONVERSION = YES;
				CLANG_WARN_OBJC_ROOT_CLASS = YES_ERROR;
				CLANG_WARN_SUSPICIOUS_MOVE = YES;
				CLANG_WARN_SUSPICIOUS_MOVES = YES;
				CLANG_WARN_UNREACHABLE_CODE = YES;
				CLANG_WARN__DUPLICATE_METHOD_MATCH = YES;
				"CODE_SIGN_IDENTITY[sdk=iphoneos*]" = "iPhone Developer";
				COPY_PHASE_STRIP = NO;
				DEBUG_INFORMATION_FORMAT = "dwarf-with-dsym";
				ENABLE_NS_ASSERTIONS = NO;
				ENABLE_STRICT_OBJC_MSGSEND = YES;
				GCC_C_LANGUAGE_STANDARD = gnu99;
				GCC_NO_COMMON_BLOCKS = YES;
				GCC_WARN_64_TO_32_BIT_CONVERSION = YES;
				GCC_WARN_ABOUT_RETURN_TYPE = YES_ERROR;
				GCC_WARN_UNDECLARED_SELECTOR = YES;
				GCC_WARN_UNINITIALIZED_AUTOS = YES_AGGRESSIVE;
				GCC_WARN_UNUSED_FUNCTION = YES;
				GCC_WARN_UNUSED_VARIABLE = YES;
				IPHONEOS_DEPLOYMENT_TARGET = 10.1;
				MTL_ENABLE_DEBUG_INFO = NO;
				SDKROOT = iphoneos;
				SWIFT_OPTIMIZATION_LEVEL = "-Owholemodule";
				VALIDATE_PRODUCT = YES;
			};
			name = Release;
		};
		47E148BA1E325131008D52D7 /* Debug */ = {
			isa = XCBuildConfiguration;
			baseConfigurationReference = 006750AB082EC9E2DAA50E76 /* Pods-PhoneBook.debug.xcconfig */;
			buildSettings = {
				ALWAYS_EMBED_SWIFT_STANDARD_LIBRARIES = YES;
				ASSETCATALOG_COMPILER_APPICON_NAME = AppIcon;
				DEVELOPMENT_TEAM = QZHSMV869F;
				INFOPLIST_FILE = PhoneBook/Info.plist;
				LD_RUNPATH_SEARCH_PATHS = "$(inherited) @executable_path/Frameworks";
				PRODUCT_BUNDLE_IDENTIFIER = com.poncik.PhoneBook;
				PRODUCT_NAME = "$(TARGET_NAME)";
				SWIFT_VERSION = 3.0;
			};
			name = Debug;
		};
		47E148BB1E325131008D52D7 /* Release */ = {
			isa = XCBuildConfiguration;
			baseConfigurationReference = 83573670F2E7487A42C69BC4 /* Pods-PhoneBook.release.xcconfig */;
			buildSettings = {
				ALWAYS_EMBED_SWIFT_STANDARD_LIBRARIES = YES;
				ASSETCATALOG_COMPILER_APPICON_NAME = AppIcon;
				DEVELOPMENT_TEAM = QZHSMV869F;
				INFOPLIST_FILE = PhoneBook/Info.plist;
				LD_RUNPATH_SEARCH_PATHS = "$(inherited) @executable_path/Frameworks";
				PRODUCT_BUNDLE_IDENTIFIER = com.poncik.PhoneBook;
				PRODUCT_NAME = "$(TARGET_NAME)";
				SWIFT_VERSION = 3.0;
			};
			name = Release;
		};
/* End XCBuildConfiguration section */

/* Begin XCConfigurationList section */
		47E148A21E325130008D52D7 /* Build configuration list for PBXProject "PhoneBook" */ = {
			isa = XCConfigurationList;
			buildConfigurations = (
				47E148B71E325131008D52D7 /* Debug */,
				47E148B81E325131008D52D7 /* Release */,
			);
			defaultConfigurationIsVisible = 0;
			defaultConfigurationName = Release;
		};
		47E148B91E325131008D52D7 /* Build configuration list for PBXNativeTarget "PhoneBook" */ = {
			isa = XCConfigurationList;
			buildConfigurations = (
				47E148BA1E325131008D52D7 /* Debug */,
				47E148BB1E325131008D52D7 /* Release */,
			);
			defaultConfigurationIsVisible = 0;
			defaultConfigurationName = Release;
		};
/* End XCConfigurationList section */
	};
	rootObject = 47E1489F1E325130008D52D7 /* Project object */;
}
